
Microsoft Visual Studio Solution File, Format Version 12.00
# Visual Studio Version 17
VisualStudioVersion = 17.13.35931.197 d17.13
MinimumVisualStudioVersion = 10.0.40219.1
Project("{FAE04EC0-301F-11D3-BF4B-00C04F79EFBC}") = "ConsoleApp1", "ConsoleApp1\ConsoleApp1.csproj", "{08D67FE7-D2A8-49CD-AD42-0018E8E641B0}"
EndProject
Global
	GlobalSection(SolutionConfigurationPlatforms) = preSolution
		Debug|Any CPU = Debug|Any CPU
		Release|Any CPU = Release|Any CPU
	EndGlobalSection
	GlobalSection(ProjectConfigurationPlatforms) = postSolution
		{08D67FE7-D2A8-49CD-AD42-0018E8E641B0}.Debug|Any CPU.ActiveCfg = Debug|Any CPU
		{08D67FE7-D2A8-49CD-AD42-0018E8E641B0}.Debug|Any CPU.Build.0 = Debug|Any CPU
		{08D67FE7-D2A8-49CD-AD42-0018E8E641B0}.Release|Any CPU.ActiveCfg = Release|Any CPU
		{08D67FE7-D2A8-49CD-AD42-0018E8E641B0}.Release|Any CPU.Build.0 = Release|Any CPU
	EndGlobalSection
	GlobalSection(SolutionProperties) = preSolution
		HideSolutionNode = FALSE
	EndGlobalSection
	GlobalSection(ExtensibilityGlobals) = postSolution
		SolutionGuid = {2B443350-FDF7-4B53-9AD5-712237F55FC3}
	EndGlobalSection
EndGlobal
